// !$*UTF8*$!
{
	archiveVersion = 1;
	classes = {
	};
	objectVersion = 56;
	objects = {

/* Begin PBXBuildFile section */
		CE1CCC1E299FF4C1006B0C3C /* AppDelegate.swift in Sources */ = {isa = PBXBuildFile; fileRef = CE1CCC1D299FF4C1006B0C3C /* AppDelegate.swift */; };
		CE1CCC27299FF4C5006B0C3C /* Assets.xcassets in Resources */ = {isa = PBXBuildFile; fileRef = CE1CCC26299FF4C5006B0C3C /* Assets.xcassets */; };
		CE1CCC2A299FF4C5006B0C3C /* LaunchScreen.storyboard in Resources */ = {isa = PBXBuildFile; fileRef = CE1CCC28299FF4C5006B0C3C /* LaunchScreen.storyboard */; };
		CE1CCC3C299FF731006B0C3C /* movies_HomeViewUI.swift in Sources */ = {isa = PBXBuildFile; fileRef = CE1CCC34299FF730006B0C3C /* movies_HomeViewUI.swift */; };
		CE1CCC3D299FF731006B0C3C /* movies_HomePresenter.swift in Sources */ = {isa = PBXBuildFile; fileRef = CE1CCC35299FF730006B0C3C /* movies_HomePresenter.swift */; };
		CE1CCC3E299FF731006B0C3C /* movies_HomeRouter.swift in Sources */ = {isa = PBXBuildFile; fileRef = CE1CCC36299FF731006B0C3C /* movies_HomeRouter.swift */; };
		CE1CCC3F299FF731006B0C3C /* movies_HomeProtocols.swift in Sources */ = {isa = PBXBuildFile; fileRef = CE1CCC37299FF731006B0C3C /* movies_HomeProtocols.swift */; };
		CE1CCC40299FF731006B0C3C /* movies_HomeMain.swift in Sources */ = {isa = PBXBuildFile; fileRef = CE1CCC38299FF731006B0C3C /* movies_HomeMain.swift */; };
		CE1CCC41299FF731006B0C3C /* movies_HomeInteractor.swift in Sources */ = {isa = PBXBuildFile; fileRef = CE1CCC39299FF731006B0C3C /* movies_HomeInteractor.swift */; };
		CE1CCC42299FF731006B0C3C /* movies_HomeView.swift in Sources */ = {isa = PBXBuildFile; fileRef = CE1CCC3A299FF731006B0C3C /* movies_HomeView.swift */; };
		CE1CCC43299FF731006B0C3C /* movies_HomeEntity.swift in Sources */ = {isa = PBXBuildFile; fileRef = CE1CCC3B299FF731006B0C3C /* movies_HomeEntity.swift */; };
		CE1CCC45299FF95B006B0C3C /* String+Extension.swift in Sources */ = {isa = PBXBuildFile; fileRef = CE1CCC44299FF95B006B0C3C /* String+Extension.swift */; };
		CE1CCC4F29A07855006B0C3C /* MovieListViewUI.swift in Sources */ = {isa = PBXBuildFile; fileRef = CE1CCC4729A07855006B0C3C /* MovieListViewUI.swift */; };
		CE1CCC5029A07855006B0C3C /* MovieListPresenter.swift in Sources */ = {isa = PBXBuildFile; fileRef = CE1CCC4829A07855006B0C3C /* MovieListPresenter.swift */; };
		CE1CCC5129A07855006B0C3C /* MovieListRouter.swift in Sources */ = {isa = PBXBuildFile; fileRef = CE1CCC4929A07855006B0C3C /* MovieListRouter.swift */; };
		CE1CCC5229A07855006B0C3C /* MovieListProtocols.swift in Sources */ = {isa = PBXBuildFile; fileRef = CE1CCC4A29A07855006B0C3C /* MovieListProtocols.swift */; };
		CE1CCC5329A07855006B0C3C /* MovieListMain.swift in Sources */ = {isa = PBXBuildFile; fileRef = CE1CCC4B29A07855006B0C3C /* MovieListMain.swift */; };
		CE1CCC5429A07855006B0C3C /* MovieListInteractor.swift in Sources */ = {isa = PBXBuildFile; fileRef = CE1CCC4C29A07855006B0C3C /* MovieListInteractor.swift */; };
		CE1CCC5529A07855006B0C3C /* MovieListView.swift in Sources */ = {isa = PBXBuildFile; fileRef = CE1CCC4D29A07855006B0C3C /* MovieListView.swift */; };
		CE1CCC5629A07855006B0C3C /* MovieListEntity.swift in Sources */ = {isa = PBXBuildFile; fileRef = CE1CCC4E29A07855006B0C3C /* MovieListEntity.swift */; };
		CE1CCC5829A2C86E006B0C3C /* movies_ActivityIndicator.swift in Sources */ = {isa = PBXBuildFile; fileRef = CE1CCC5729A2C86E006B0C3C /* movies_ActivityIndicator.swift */; };
		CE1CCC5C29A2D7AB006B0C3C /* MoviesValues.swift in Sources */ = {isa = PBXBuildFile; fileRef = CE1CCC5B29A2D7AB006B0C3C /* MoviesValues.swift */; };
		CE1CCC5E29A2DD1A006B0C3C /* movies_GeneralMoviesListViewCell.swift in Sources */ = {isa = PBXBuildFile; fileRef = CE1CCC5D29A2DD1A006B0C3C /* movies_GeneralMoviesListViewCell.swift */; };
		CE1CCC6229A318E4006B0C3C /* movies_NavigationBar.swift in Sources */ = {isa = PBXBuildFile; fileRef = CE1CCC6129A318E4006B0C3C /* movies_NavigationBar.swift */; };
		CE76D74229A325C900999120 /* movies_ProfilePresent.swift in Sources */ = {isa = PBXBuildFile; fileRef = CE76D74129A325C900999120 /* movies_ProfilePresent.swift */; };
		CE76D74429A3325500999120 /* ServicesManager.swift in Sources */ = {isa = PBXBuildFile; fileRef = CE76D74329A3325500999120 /* ServicesManager.swift */; };
		CE76D74729A333E500999120 /* FavoriteMoviesListResponse.swift in Sources */ = {isa = PBXBuildFile; fileRef = CE76D74629A333E500999120 /* FavoriteMoviesListResponse.swift */; };
/* End PBXBuildFile section */

/* Begin PBXFileReference section */
		CE1CCC1A299FF4C1006B0C3C /* moviesProgramatically.app */ = {isa = PBXFileReference; explicitFileType = wrapper.application; includeInIndex = 0; path = moviesProgramatically.app; sourceTree = BUILT_PRODUCTS_DIR; };
		CE1CCC1D299FF4C1006B0C3C /* AppDelegate.swift */ = {isa = PBXFileReference; lastKnownFileType = sourcecode.swift; path = AppDelegate.swift; sourceTree = "<group>"; };
		CE1CCC26299FF4C5006B0C3C /* Assets.xcassets */ = {isa = PBXFileReference; lastKnownFileType = folder.assetcatalog; path = Assets.xcassets; sourceTree = "<group>"; };
		CE1CCC29299FF4C5006B0C3C /* Base */ = {isa = PBXFileReference; lastKnownFileType = file.storyboard; name = Base; path = Base.lproj/LaunchScreen.storyboard; sourceTree = "<group>"; };
		CE1CCC2B299FF4C5006B0C3C /* Info.plist */ = {isa = PBXFileReference; lastKnownFileType = text.plist.xml; path = Info.plist; sourceTree = "<group>"; };
		CE1CCC34299FF730006B0C3C /* movies_HomeViewUI.swift */ = {isa = PBXFileReference; lastKnownFileType = sourcecode.swift; path = movies_HomeViewUI.swift; sourceTree = "<group>"; };
		CE1CCC35299FF730006B0C3C /* movies_HomePresenter.swift */ = {isa = PBXFileReference; lastKnownFileType = sourcecode.swift; path = movies_HomePresenter.swift; sourceTree = "<group>"; };
		CE1CCC36299FF731006B0C3C /* movies_HomeRouter.swift */ = {isa = PBXFileReference; lastKnownFileType = sourcecode.swift; path = movies_HomeRouter.swift; sourceTree = "<group>"; };
		CE1CCC37299FF731006B0C3C /* movies_HomeProtocols.swift */ = {isa = PBXFileReference; lastKnownFileType = sourcecode.swift; path = movies_HomeProtocols.swift; sourceTree = "<group>"; };
		CE1CCC38299FF731006B0C3C /* movies_HomeMain.swift */ = {isa = PBXFileReference; lastKnownFileType = sourcecode.swift; path = movies_HomeMain.swift; sourceTree = "<group>"; };
		CE1CCC39299FF731006B0C3C /* movies_HomeInteractor.swift */ = {isa = PBXFileReference; lastKnownFileType = sourcecode.swift; path = movies_HomeInteractor.swift; sourceTree = "<group>"; };
		CE1CCC3A299FF731006B0C3C /* movies_HomeView.swift */ = {isa = PBXFileReference; lastKnownFileType = sourcecode.swift; path = movies_HomeView.swift; sourceTree = "<group>"; };
		CE1CCC3B299FF731006B0C3C /* movies_HomeEntity.swift */ = {isa = PBXFileReference; lastKnownFileType = sourcecode.swift; path = movies_HomeEntity.swift; sourceTree = "<group>"; };
		CE1CCC44299FF95B006B0C3C /* String+Extension.swift */ = {isa = PBXFileReference; lastKnownFileType = sourcecode.swift; path = "String+Extension.swift"; sourceTree = "<group>"; };
		CE1CCC4729A07855006B0C3C /* MovieListViewUI.swift */ = {isa = PBXFileReference; lastKnownFileType = sourcecode.swift; path = MovieListViewUI.swift; sourceTree = "<group>"; };
		CE1CCC4829A07855006B0C3C /* MovieListPresenter.swift */ = {isa = PBXFileReference; lastKnownFileType = sourcecode.swift; path = MovieListPresenter.swift; sourceTree = "<group>"; };
		CE1CCC4929A07855006B0C3C /* MovieListRouter.swift */ = {isa = PBXFileReference; lastKnownFileType = sourcecode.swift; path = MovieListRouter.swift; sourceTree = "<group>"; };
		CE1CCC4A29A07855006B0C3C /* MovieListProtocols.swift */ = {isa = PBXFileReference; lastKnownFileType = sourcecode.swift; path = MovieListProtocols.swift; sourceTree = "<group>"; };
		CE1CCC4B29A07855006B0C3C /* MovieListMain.swift */ = {isa = PBXFileReference; lastKnownFileType = sourcecode.swift; path = MovieListMain.swift; sourceTree = "<group>"; };
		CE1CCC4C29A07855006B0C3C /* MovieListInteractor.swift */ = {isa = PBXFileReference; lastKnownFileType = sourcecode.swift; path = MovieListInteractor.swift; sourceTree = "<group>"; };
		CE1CCC4D29A07855006B0C3C /* MovieListView.swift */ = {isa = PBXFileReference; lastKnownFileType = sourcecode.swift; path = MovieListView.swift; sourceTree = "<group>"; };
		CE1CCC4E29A07855006B0C3C /* MovieListEntity.swift */ = {isa = PBXFileReference; lastKnownFileType = sourcecode.swift; path = MovieListEntity.swift; sourceTree = "<group>"; };
		CE1CCC5729A2C86E006B0C3C /* movies_ActivityIndicator.swift */ = {isa = PBXFileReference; lastKnownFileType = sourcecode.swift; path = movies_ActivityIndicator.swift; sourceTree = "<group>"; };
		CE1CCC5B29A2D7AB006B0C3C /* MoviesValues.swift */ = {isa = PBXFileReference; lastKnownFileType = sourcecode.swift; path = MoviesValues.swift; sourceTree = "<group>"; };
		CE1CCC5D29A2DD1A006B0C3C /* movies_GeneralMoviesListViewCell.swift */ = {isa = PBXFileReference; lastKnownFileType = sourcecode.swift; path = movies_GeneralMoviesListViewCell.swift; sourceTree = "<group>"; };
		CE1CCC6129A318E4006B0C3C /* movies_NavigationBar.swift */ = {isa = PBXFileReference; lastKnownFileType = sourcecode.swift; path = movies_NavigationBar.swift; sourceTree = "<group>"; };
		CE76D74129A325C900999120 /* movies_ProfilePresent.swift */ = {isa = PBXFileReference; lastKnownFileType = sourcecode.swift; path = movies_ProfilePresent.swift; sourceTree = "<group>"; };
		CE76D74329A3325500999120 /* ServicesManager.swift */ = {isa = PBXFileReference; lastKnownFileType = sourcecode.swift; path = ServicesManager.swift; sourceTree = "<group>"; };
		CE76D74629A333E500999120 /* FavoriteMoviesListResponse.swift */ = {isa = PBXFileReference; lastKnownFileType = sourcecode.swift; path = FavoriteMoviesListResponse.swift; sourceTree = "<group>"; };
/* End PBXFileReference section */

/* Begin PBXFrameworksBuildPhase section */
		CE1CCC17299FF4C1006B0C3C /* Frameworks */ = {
			isa = PBXFrameworksBuildPhase;
			buildActionMask = 2147483647;
			files = (
			);
			runOnlyForDeploymentPostprocessing = 0;
		};
/* End PBXFrameworksBuildPhase section */

/* Begin PBXGroup section */
		CE1CCC11299FF4C1006B0C3C = {
			isa = PBXGroup;
			children = (
				CE1CCC1C299FF4C1006B0C3C /* moviesProgramatically */,
				CE1CCC1B299FF4C1006B0C3C /* Products */,
			);
			sourceTree = "<group>";
		};
		CE1CCC1B299FF4C1006B0C3C /* Products */ = {
			isa = PBXGroup;
			children = (
				CE1CCC1A299FF4C1006B0C3C /* moviesProgramatically.app */,
			);
			name = Products;
			sourceTree = "<group>";
		};
		CE1CCC1C299FF4C1006B0C3C /* moviesProgramatically */ = {
			isa = PBXGroup;
			children = (
				CE1CCC31299FF69E006B0C3C /* Views */,
				CE1CCC33299FF6B8006B0C3C /* Components */,
				CE1CCC1D299FF4C1006B0C3C /* AppDelegate.swift */,
				CE1CCC26299FF4C5006B0C3C /* Assets.xcassets */,
				CE1CCC28299FF4C5006B0C3C /* LaunchScreen.storyboard */,
				CE1CCC2B299FF4C5006B0C3C /* Info.plist */,
			);
			path = moviesProgramatically;
			sourceTree = "<group>";
		};
		CE1CCC31299FF69E006B0C3C /* Views */ = {
			isa = PBXGroup;
			children = (
				CE1CCC4629A07832006B0C3C /* MovieList */,
				CE1CCC32299FF6AD006B0C3C /* Home */,
			);
			path = Views;
			sourceTree = "<group>";
		};
		CE1CCC32299FF6AD006B0C3C /* Home */ = {
			isa = PBXGroup;
			children = (
				CE1CCC34299FF730006B0C3C /* movies_HomeViewUI.swift */,
				CE1CCC35299FF730006B0C3C /* movies_HomePresenter.swift */,
				CE1CCC36299FF731006B0C3C /* movies_HomeRouter.swift */,
				CE1CCC37299FF731006B0C3C /* movies_HomeProtocols.swift */,
				CE1CCC38299FF731006B0C3C /* movies_HomeMain.swift */,
				CE1CCC39299FF731006B0C3C /* movies_HomeInteractor.swift */,
				CE1CCC3A299FF731006B0C3C /* movies_HomeView.swift */,
				CE1CCC3B299FF731006B0C3C /* movies_HomeEntity.swift */,
			);
			path = Home;
			sourceTree = "<group>";
		};
		CE1CCC33299FF6B8006B0C3C /* Components */ = {
			isa = PBXGroup;
			children = (
				CE76D74529A333C100999120 /* Classes */,
				CE1CCC5729A2C86E006B0C3C /* movies_ActivityIndicator.swift */,
				CE1CCC6129A318E4006B0C3C /* movies_NavigationBar.swift */,
				CE76D74129A325C900999120 /* movies_ProfilePresent.swift */,
				CE1CCC5D29A2DD1A006B0C3C /* movies_GeneralMoviesListViewCell.swift */,
				CE1CCC5A29A2D749006B0C3C /* Singleton */,
				CE1CCC5929A2C876006B0C3C /* Extensions */,
				CE76D74329A3325500999120 /* ServicesManager.swift */,
			);
			path = Components;
			sourceTree = "<group>";
		};
		CE1CCC4629A07832006B0C3C /* MovieList */ = {
			isa = PBXGroup;
			children = (
				CE1CCC4729A07855006B0C3C /* MovieListViewUI.swift */,
				CE1CCC4829A07855006B0C3C /* MovieListPresenter.swift */,
				CE1CCC4929A07855006B0C3C /* MovieListRouter.swift */,
				CE1CCC4A29A07855006B0C3C /* MovieListProtocols.swift */,
				CE1CCC4B29A07855006B0C3C /* MovieListMain.swift */,
				CE1CCC4C29A07855006B0C3C /* MovieListInteractor.swift */,
				CE1CCC4D29A07855006B0C3C /* MovieListView.swift */,
				CE1CCC4E29A07855006B0C3C /* MovieListEntity.swift */,
			);
			path = MovieList;
			sourceTree = "<group>";
		};
		CE1CCC5929A2C876006B0C3C /* Extensions */ = {
			isa = PBXGroup;
			children = (
				CE1CCC44299FF95B006B0C3C /* String+Extension.swift */,
			);
			path = Extensions;
			sourceTree = "<group>";
		};
		CE1CCC5A29A2D749006B0C3C /* Singleton */ = {
			isa = PBXGroup;
			children = (
				CE1CCC5B29A2D7AB006B0C3C /* MoviesValues.swift */,
			);
			path = Singleton;
			sourceTree = "<group>";
		};
		CE76D74529A333C100999120 /* Classes */ = {
			isa = PBXGroup;
			children = (
				CE76D74629A333E500999120 /* FavoriteMoviesListResponse.swift */,
			);
			path = Classes;
			sourceTree = "<group>";
		};
/* End PBXGroup section */

/* Begin PBXNativeTarget section */
		CE1CCC19299FF4C1006B0C3C /* moviesProgramatically */ = {
			isa = PBXNativeTarget;
			buildConfigurationList = CE1CCC2E299FF4C5006B0C3C /* Build configuration list for PBXNativeTarget "moviesProgramatically" */;
			buildPhases = (
				CE1CCC16299FF4C1006B0C3C /* Sources */,
				CE1CCC17299FF4C1006B0C3C /* Frameworks */,
				CE1CCC18299FF4C1006B0C3C /* Resources */,
			);
			buildRules = (
			);
			dependencies = (
			);
			name = moviesProgramatically;
			productName = moviesProgramatically;
			productReference = CE1CCC1A299FF4C1006B0C3C /* moviesProgramatically.app */;
			productType = "com.apple.product-type.application";
		};
/* End PBXNativeTarget section */

/* Begin PBXProject section */
		CE1CCC12299FF4C1006B0C3C /* Project object */ = {
			isa = PBXProject;
			attributes = {
				BuildIndependentTargetsInParallel = 1;
				LastSwiftUpdateCheck = 1420;
				LastUpgradeCheck = 1420;
				TargetAttributes = {
					CE1CCC19299FF4C1006B0C3C = {
						CreatedOnToolsVersion = 14.2;
					};
				};
			};
			buildConfigurationList = CE1CCC15299FF4C1006B0C3C /* Build configuration list for PBXProject "moviesProgramatically" */;
			compatibilityVersion = "Xcode 14.0";
			developmentRegion = en;
			hasScannedForEncodings = 0;
			knownRegions = (
				en,
				Base,
			);
			mainGroup = CE1CCC11299FF4C1006B0C3C;
			productRefGroup = CE1CCC1B299FF4C1006B0C3C /* Products */;
			projectDirPath = "";
			projectRoot = "";
			targets = (
				CE1CCC19299FF4C1006B0C3C /* moviesProgramatically */,
			);
		};
/* End PBXProject section */

/* Begin PBXResourcesBuildPhase section */
		CE1CCC18299FF4C1006B0C3C /* Resources */ = {
			isa = PBXResourcesBuildPhase;
			buildActionMask = 2147483647;
			files = (
				CE1CCC2A299FF4C5006B0C3C /* LaunchScreen.storyboard in Resources */,
				CE1CCC27299FF4C5006B0C3C /* Assets.xcassets in Resources */,
			);
			runOnlyForDeploymentPostprocessing = 0;
		};
/* End PBXResourcesBuildPhase section */

/* Begin PBXSourcesBuildPhase section */
		CE1CCC16299FF4C1006B0C3C /* Sources */ = {
			isa = PBXSourcesBuildPhase;
			buildActionMask = 2147483647;
			files = (
				CE1CCC5C29A2D7AB006B0C3C /* MoviesValues.swift in Sources */,
				CE1CCC5229A07855006B0C3C /* MovieListProtocols.swift in Sources */,
				CE1CCC5629A07855006B0C3C /* MovieListEntity.swift in Sources */,
				CE1CCC3F299FF731006B0C3C /* movies_HomeProtocols.swift in Sources */,
				CE1CCC5829A2C86E006B0C3C /* movies_ActivityIndicator.swift in Sources */,
				CE1CCC3D299FF731006B0C3C /* movies_HomePresenter.swift in Sources */,
				CE1CCC6229A318E4006B0C3C /* movies_NavigationBar.swift in Sources */,
				CE1CCC5529A07855006B0C3C /* MovieListView.swift in Sources */,
				CE1CCC43299FF731006B0C3C /* movies_HomeEntity.swift in Sources */,
				CE1CCC40299FF731006B0C3C /* movies_HomeMain.swift in Sources */,
				CE1CCC41299FF731006B0C3C /* movies_HomeInteractor.swift in Sources */,
				CE1CCC4F29A07855006B0C3C /* MovieListViewUI.swift in Sources */,
				CE1CCC3C299FF731006B0C3C /* movies_HomeViewUI.swift in Sources */,
				CE1CCC5329A07855006B0C3C /* MovieListMain.swift in Sources */,
				CE1CCC5029A07855006B0C3C /* MovieListPresenter.swift in Sources */,
				CE76D74429A3325500999120 /* ServicesManager.swift in Sources */,
				CE1CCC5129A07855006B0C3C /* MovieListRouter.swift in Sources */,
				CE76D74229A325C900999120 /* movies_ProfilePresent.swift in Sources */,
				CE76D74729A333E500999120 /* FavoriteMoviesListResponse.swift in Sources */,
				CE1CCC5429A07855006B0C3C /* MovieListInteractor.swift in Sources */,
				CE1CCC3E299FF731006B0C3C /* movies_HomeRouter.swift in Sources */,
				CE1CCC42299FF731006B0C3C /* movies_HomeView.swift in Sources */,
				CE1CCC5E29A2DD1A006B0C3C /* movies_GeneralMoviesListViewCell.swift in Sources */,
				CE1CCC45299FF95B006B0C3C /* String+Extension.swift in Sources */,
				CE1CCC1E299FF4C1006B0C3C /* AppDelegate.swift in Sources */,
			);
			runOnlyForDeploymentPostprocessing = 0;
		};
/* End PBXSourcesBuildPhase section */

/* Begin PBXVariantGroup section */
		CE1CCC28299FF4C5006B0C3C /* LaunchScreen.storyboard */ = {
			isa = PBXVariantGroup;
			children = (
				CE1CCC29299FF4C5006B0C3C /* Base */,
			);
			name = LaunchScreen.storyboard;
			sourceTree = "<group>";
		};
/* End PBXVariantGroup section */

/* Begin XCBuildConfiguration section */
		CE1CCC2C299FF4C5006B0C3C /* Debug */ = {
			isa = XCBuildConfiguration;
			buildSettings = {
				ALWAYS_SEARCH_USER_PATHS = NO;
				CLANG_ANALYZER_NONNULL = YES;
				CLANG_ANALYZER_NUMBER_OBJECT_CONVERSION = YES_AGGRESSIVE;
				CLANG_CXX_LANGUAGE_STANDARD = "gnu++20";
				CLANG_ENABLE_MODULES = YES;
				CLANG_ENABLE_OBJC_ARC = YES;
				CLANG_ENABLE_OBJC_WEAK = YES;
				CLANG_WARN_BLOCK_CAPTURE_AUTORELEASING = YES;
				CLANG_WARN_BOOL_CONVERSION = YES;
				CLANG_WARN_COMMA = YES;
				CLANG_WARN_CONSTANT_CONVERSION = YES;
				CLANG_WARN_DEPRECATED_OBJC_IMPLEMENTATIONS = YES;
				CLANG_WARN_DIRECT_OBJC_ISA_USAGE = YES_ERROR;
				CLANG_WARN_DOCUMENTATION_COMMENTS = YES;
				CLANG_WARN_EMPTY_BODY = YES;
				CLANG_WARN_ENUM_CONVERSION = YES;
				CLANG_WARN_INFINITE_RECURSION = YES;
				CLANG_WARN_INT_CONVERSION = YES;
				CLANG_WARN_NON_LITERAL_NULL_CONVERSION = YES;
				CLANG_WARN_OBJC_IMPLICIT_RETAIN_SELF = YES;
				CLANG_WARN_OBJC_LITERAL_CONVERSION = YES;
				CLANG_WARN_OBJC_ROOT_CLASS = YES_ERROR;
				CLANG_WARN_QUOTED_INCLUDE_IN_FRAMEWORK_HEADER = YES;
				CLANG_WARN_RANGE_LOOP_ANALYSIS = YES;
				CLANG_WARN_STRICT_PROTOTYPES = YES;
				CLANG_WARN_SUSPICIOUS_MOVE = YES;
				CLANG_WARN_UNGUARDED_AVAILABILITY = YES_AGGRESSIVE;
				CLANG_WARN_UNREACHABLE_CODE = YES;
				CLANG_WARN__DUPLICATE_METHOD_MATCH = YES;
				COPY_PHASE_STRIP = NO;
				DEBUG_INFORMATION_FORMAT = dwarf;
				ENABLE_STRICT_OBJC_MSGSEND = YES;
				ENABLE_TESTABILITY = YES;
				GCC_C_LANGUAGE_STANDARD = gnu11;
				GCC_DYNAMIC_NO_PIC = NO;
				GCC_NO_COMMON_BLOCKS = YES;
				GCC_OPTIMIZATION_LEVEL = 0;
				GCC_PREPROCESSOR_DEFINITIONS = (
					"DEBUG=1",
					"$(inherited)",
				);
				GCC_WARN_64_TO_32_BIT_CONVERSION = YES;
				GCC_WARN_ABOUT_RETURN_TYPE = YES_ERROR;
				GCC_WARN_UNDECLARED_SELECTOR = YES;
				GCC_WARN_UNINITIALIZED_AUTOS = YES_AGGRESSIVE;
				GCC_WARN_UNUSED_FUNCTION = YES;
				GCC_WARN_UNUSED_VARIABLE = YES;
				IPHONEOS_DEPLOYMENT_TARGET = 13.0;
				MTL_ENABLE_DEBUG_INFO = INCLUDE_SOURCE;
				MTL_FAST_MATH = YES;
				ONLY_ACTIVE_ARCH = YES;
				SDKROOT = iphoneos;
				SWIFT_ACTIVE_COMPILATION_CONDITIONS = DEBUG;
				SWIFT_OPTIMIZATION_LEVEL = "-Onone";
			};
			name = Debug;
		};
		CE1CCC2D299FF4C5006B0C3C /* Release */ = {
			isa = XCBuildConfiguration;
			buildSettings = {
				ALWAYS_SEARCH_USER_PATHS = NO;
				CLANG_ANALYZER_NONNULL = YES;
				CLANG_ANALYZER_NUMBER_OBJECT_CONVERSION = YES_AGGRESSIVE;
				CLANG_CXX_LANGUAGE_STANDARD = "gnu++20";
				CLANG_ENABLE_MODULES = YES;
				CLANG_ENABLE_OBJC_ARC = YES;
				CLANG_ENABLE_OBJC_WEAK = YES;
				CLANG_WARN_BLOCK_CAPTURE_AUTORELEASING = YES;
				CLANG_WARN_BOOL_CONVERSION = YES;
				CLANG_WARN_COMMA = YES;
				CLANG_WARN_CONSTANT_CONVERSION = YES;
				CLANG_WARN_DEPRECATED_OBJC_IMPLEMENTATIONS = YES;
				CLANG_WARN_DIRECT_OBJC_ISA_USAGE = YES_ERROR;
				CLANG_WARN_DOCUMENTATION_COMMENTS = YES;
				CLANG_WARN_EMPTY_BODY = YES;
				CLANG_WARN_ENUM_CONVERSION = YES;
				CLANG_WARN_INFINITE_RECURSION = YES;
				CLANG_WARN_INT_CONVERSION = YES;
				CLANG_WARN_NON_LITERAL_NULL_CONVERSION = YES;
				CLANG_WARN_OBJC_IMPLICIT_RETAIN_SELF = YES;
				CLANG_WARN_OBJC_LITERAL_CONVERSION = YES;
				CLANG_WARN_OBJC_ROOT_CLASS = YES_ERROR;
				CLANG_WARN_QUOTED_INCLUDE_IN_FRAMEWORK_HEADER = YES;
				CLANG_WARN_RANGE_LOOP_ANALYSIS = YES;
				CLANG_WARN_STRICT_PROTOTYPES = YES;
				CLANG_WARN_SUSPICIOUS_MOVE = YES;
				CLANG_WARN_UNGUARDED_AVAILABILITY = YES_AGGRESSIVE;
				CLANG_WARN_UNREACHABLE_CODE = YES;
				CLANG_WARN__DUPLICATE_METHOD_MATCH = YES;
				COPY_PHASE_STRIP = NO;
				DEBUG_INFORMATION_FORMAT = "dwarf-with-dsym";
				ENABLE_NS_ASSERTIONS = NO;
				ENABLE_STRICT_OBJC_MSGSEND = YES;
				GCC_C_LANGUAGE_STANDARD = gnu11;
				GCC_NO_COMMON_BLOCKS = YES;
				GCC_WARN_64_TO_32_BIT_CONVERSION = YES;
				GCC_WARN_ABOUT_RETURN_TYPE = YES_ERROR;
				GCC_WARN_UNDECLARED_SELECTOR = YES;
				GCC_WARN_UNINITIALIZED_AUTOS = YES_AGGRESSIVE;
				GCC_WARN_UNUSED_FUNCTION = YES;
				GCC_WARN_UNUSED_VARIABLE = YES;
				IPHONEOS_DEPLOYMENT_TARGET = 13.0;
				MTL_ENABLE_DEBUG_INFO = NO;
				MTL_FAST_MATH = YES;
				SDKROOT = iphoneos;
				SWIFT_COMPILATION_MODE = wholemodule;
				SWIFT_OPTIMIZATION_LEVEL = "-O";
				VALIDATE_PRODUCT = YES;
			};
			name = Release;
		};
		CE1CCC2F299FF4C5006B0C3C /* Debug */ = {
			isa = XCBuildConfiguration;
			buildSettings = {
				ASSETCATALOG_COMPILER_APPICON_NAME = AppIcon;
				ASSETCATALOG_COMPILER_GLOBAL_ACCENT_COLOR_NAME = AccentColor;
				CODE_SIGN_STYLE = Automatic;
				CURRENT_PROJECT_VERSION = 1;
				DEVELOPMENT_TEAM = 2RHXBRCF87;
				GENERATE_INFOPLIST_FILE = YES;
				INFOPLIST_FILE = moviesProgramatically/Info.plist;
				INFOPLIST_KEY_UIApplicationSupportsIndirectInputEvents = YES;
				INFOPLIST_KEY_UILaunchStoryboardName = LaunchScreen;
				INFOPLIST_KEY_UIMainStoryboardFile = "";
				INFOPLIST_KEY_UISupportedInterfaceOrientations_iPad = "UIInterfaceOrientationPortrait UIInterfaceOrientationPortraitUpsideDown UIInterfaceOrientationLandscapeLeft UIInterfaceOrientationLandscapeRight";
				INFOPLIST_KEY_UISupportedInterfaceOrientations_iPhone = "UIInterfaceOrientationPortrait UIInterfaceOrientationLandscapeLeft UIInterfaceOrientationLandscapeRight";
				IPHONEOS_DEPLOYMENT_TARGET = 13.0;
				LD_RUNPATH_SEARCH_PATHS = (
					"$(inherited)",
					"@executable_path/Frameworks",
				);
				MARKETING_VERSION = 1.0;
				PRODUCT_BUNDLE_IDENTIFIER = com.Adrian.moviesProgramatically;
				PRODUCT_NAME = "$(TARGET_NAME)";
				SWIFT_EMIT_LOC_STRINGS = YES;
				SWIFT_VERSION = 5.0;
				TARGETED_DEVICE_FAMILY = "1,2";
			};
			name = Debug;
		};
		CE1CCC30299FF4C5006B0C3C /* Release */ = {
			isa = XCBuildConfiguration;
			buildSettings = {
				ASSETCATALOG_COMPILER_APPICON_NAME = AppIcon;
				ASSETCATALOG_COMPILER_GLOBAL_ACCENT_COLOR_NAME = AccentColor;
				CODE_SIGN_STYLE = Automatic;
				CURRENT_PROJECT_VERSION = 1;
				DEVELOPMENT_TEAM = 2RHXBRCF87;
				GENERATE_INFOPLIST_FILE = YES;
				INFOPLIST_FILE = moviesProgramatically/Info.plist;
				INFOPLIST_KEY_UIApplicationSupportsIndirectInputEvents = YES;
				INFOPLIST_KEY_UILaunchStoryboardName = LaunchScreen;
				INFOPLIST_KEY_UIMainStoryboardFile = "";
				INFOPLIST_KEY_UISupportedInterfaceOrientations_iPad = "UIInterfaceOrientationPortrait UIInterfaceOrientationPortraitUpsideDown UIInterfaceOrientationLandscapeLeft UIInterfaceOrientationLandscapeRight";
				INFOPLIST_KEY_UISupportedInterfaceOrientations_iPhone = "UIInterfaceOrientationPortrait UIInterfaceOrientationLandscapeLeft UIInterfaceOrientationLandscapeRight";
				IPHONEOS_DEPLOYMENT_TARGET = 13.0;
				LD_RUNPATH_SEARCH_PATHS = (
					"$(inherited)",
					"@executable_path/Frameworks",
				);
				MARKETING_VERSION = 1.0;
				PRODUCT_BUNDLE_IDENTIFIER = com.Adrian.moviesProgramatically;
				PRODUCT_NAME = "$(TARGET_NAME)";
				SWIFT_EMIT_LOC_STRINGS = YES;
				SWIFT_VERSION = 5.0;
				TARGETED_DEVICE_FAMILY = "1,2";
			};
			name = Release;
		};
/* End XCBuildConfiguration section */

/* Begin XCConfigurationList section */
		CE1CCC15299FF4C1006B0C3C /* Build configuration list for PBXProject "moviesProgramatically" */ = {
			isa = XCConfigurationList;
			buildConfigurations = (
				CE1CCC2C299FF4C5006B0C3C /* Debug */,
				CE1CCC2D299FF4C5006B0C3C /* Release */,
			);
			defaultConfigurationIsVisible = 0;
			defaultConfigurationName = Release;
		};
		CE1CCC2E299FF4C5006B0C3C /* Build configuration list for PBXNativeTarget "moviesProgramatically" */ = {
			isa = XCConfigurationList;
			buildConfigurations = (
				CE1CCC2F299FF4C5006B0C3C /* Debug */,
				CE1CCC30299FF4C5006B0C3C /* Release */,
			);
			defaultConfigurationIsVisible = 0;
			defaultConfigurationName = Release;
		};
/* End XCConfigurationList section */
	};
	rootObject = CE1CCC12299FF4C1006B0C3C /* Project object */;
}
